# Generated by scripts/generate-python-locks.mjs with uv 0.10.11.
# Target: CPython 3.12 universal wheel resolution; source builds are disabled at install.
# Input-SHA256: pipeline/requirements-ci.in=9f393d8a0395f3d44c2799fc35e99532afd2d10f558c9b69f04a69e7e8ca1060
# Input-SHA256: pipeline/requirements-smoke.txt=955e988b5a65738582559e54211570334ceadcdb6268de82ec9327f7e51fc99a
# Input-SHA256: pipeline/requirements-validation.lock=315a25a7e4c1cef98365341ecf6f004707db15725b309a79dbb94195ea805961
# Regenerate: node scripts/generate-python-locks.mjs --write
cffi==2.1.0 ; platform_python_implementation != 'PyPy' \
    --hash=sha256:02cb7ff33ded4f1532476731f89ede53e2e488a8e6205515a82144246ffa7dcc \
    --hash=sha256:03e9810d18c646077e501f661b682fbf5dee4676048527ca3cffe66faa9960dd \
    --hash=sha256:0520e1f4c35f44e209cbbb421b67eec42e6a157f59444dfb6058874ff3610e5d \
    --hash=sha256:0582a58f3051372229ca8e7f5f589f9e5632678208d8636fea3676711fdf7fe5 \
    --hash=sha256:0611e7ebf90573a535ebdc33ae9da222d037853983e13359f580fab781ca017f \
    --hash=sha256:0a42c688d19fca6e095a53c6a6e2295a5b050a8b289f109adab02a9e61a25de6 \
    --hash=sha256:0a96b74cda968eebbad56d973efe5098974f0a9fb323865bf99ea1fd24e3e64c \
    --hash=sha256:10537b1df4967ca26d21e5072d7d54188354483b91dc75058968d3f0cf13fbda \
    --hash=sha256:11b3fb55f4f8ad92274ed26705f65d8f91457de71f5380061eb6d125a768fecd \
    --hash=sha256:15faec4adfff450819f3aee0e2e02c812de6edb88203aa58807955db2003472a \
    --hash=sha256:164bff1657b2a74f0b6d54e11c9b375bc97b931f2ca9c43fcf875838da1570dd \
    --hash=sha256:1854b724d00f6654c742097d5387569021be12d3a0f770eae1df8f8acfcc6acd \
    --hash=sha256:19c54ac121cad98450b4896fa9a43ee0180d57bc4bc911a33db6cab1efab6cd3 \
    --hash=sha256:1b96bfe2c4bd825681b7d311ad6d9b7280a091f43e8f63da5729638083cd3bfb \
    --hash=sha256:1e9f50d192a3e525b15a75ab5114e442d83d657b7ec29182a991bc9a88fd3a66 \
    --hash=sha256:1ff3456eab0d889592d1936d6125bbfbc7ae4d3354a700f8bd80450a66445d4d \
    --hash=sha256:2282cd5e38aa8accd03e99d1256af8411c84cdbee6a89d841b563fdbd1f3e50f \
    --hash=sha256:276f20fffd7b396e12516ba8edf9509210ac248cbbc5acbc39cd512f9f59ebe6 \
    --hash=sha256:2b71d409cccee78310ab5dec549aed052aaea483346e282c7b02362596e01bb0 \
    --hash=sha256:2e9dabb9abcb7ad15938c7196ad5c1718a4e6d33cc79b4c0209bdb64c4a54a5c \
    --hash=sha256:30b65779d598c370374fefabf138d456fd6f3216bfa7bedfab1ba82025b0cd93 \
    --hash=sha256:33eb1ad83ebe8f313e0df035c406227d55a79456704a863fad9842136af5ad7d \
    --hash=sha256:35aaea0c7ee0e58a5cd8c2fd1a48fdf7ece0d2699b7ecdda08194e9ce5dd9b3d \
    --hash=sha256:3681e031db29958a7502f5c0c9d6bbc4c36cb20f7b104086fa642d1799631ff8 \
    --hash=sha256:379de10ce1ba048b1448599d1b37b24caee16309d1ac98d3982fc997f768700b \
    --hash=sha256:37f525a7e7e50c017fdebe58b787be310ad59357ae43a053943a6e1a6c526001 \
    --hash=sha256:3b926723c13eba9f81d2ef3820d63aeceec3b2d4639906047bf675cb8a7a500d \
    --hash=sha256:3d7f118b5adbfdfead90c25822690b02bc8074fba949bb7858bec4ebd55adb43 \
    --hash=sha256:46b1c8db8f6122420f32d02fffb924c2fe9bc772d228c7c711748fff56aabb2b \
    --hash=sha256:47ff3a8bfd8cb9da1af7524b965127095055654c177fcfc7578debcb015eecd0 \
    --hash=sha256:4d433a51f1870e43a13b6732f92aaf540ff77c2015097c78556f75a2d6c030e0 \
    --hash=sha256:4f26194e3d95e06501b942642855aed4f953d55e95d7d01b7c4483db3ecff458 \
    --hash=sha256:510aeeeac94811b138077451da1fb18b308a5feab47dd2b603af55804155e1c8 \
    --hash=sha256:5972433ad71a9e46516584ef60a0fda12d9dc459938d1539c3ddecf9bdc1368d \
    --hash=sha256:5ecbd0499275d57506d397eebe1981cee87b47fcd9ef5c22cab7ed7644a39a94 \
    --hash=sha256:6274dcb2d15cef48daa73ed1be5a40d501d74dccd0cd6db364776d12cb6ba022 \
    --hash=sha256:63960549e4f8dc41e31accb97b975abaecfc44c03e396c093a6436763c2ea7db \
    --hash=sha256:64c753a0f87a256020004f37a1c8c02c480e725f910f0b2a0f3f07debd1b2479 \
    --hash=sha256:6af371f3767faeffc6ac1ef57cdfd25844403e9d3f476c5537caee499de96376 \
    --hash=sha256:6ca4919c6e4f89aa99c42510b42cf54596892c00b3f9077f6bdd1505e24b9c8d \
    --hash=sha256:6d194185eabd279f1c05ebe3504265ddfc5ad2b58d0714f7db9f01da592e9eb6 \
    --hash=sha256:702c436735fbe99d59ada02a1f65cfc0d31c0ee8b7290912f8fbc5cd1e4b16c3 \
    --hash=sha256:716ff8ec22f20b4d988b12884086bcef0fc99737043e503f7a3935a6be99b1ea \
    --hash=sha256:762f99479dcb369f60ab9017ad4ab97a36a1dd7c1ee5a3b15db0f4b8659120cd \
    --hash=sha256:7762faa47e8ff7eb80bd261d9a7d8eea2d8baa69de5e95b70c1f338bbe712f02 \
    --hash=sha256:78474632761faa0fb96f30b1c928c84ebcf68713cbb80d15bab09dfe61640fde \
    --hash=sha256:799416bae98336e400981ff6e532d67d5c709cfb30afb79865a1315f94b0e224 \
    --hash=sha256:7d034dcffa09e9a46c93fa3a3be402096cb5354ac6e41ab8e5cc9cd8b642ad76 \
    --hash=sha256:7d28dff1db6764108bc30788d85d61c876beff416d9a49cb9dd7c5a9f34f5804 \
    --hash=sha256:7d3538f9c0e50670f4deb93dbb696576e60590369cae2faf7de681e597a8a1f1 \
    --hash=sha256:7d5980a3433d4b71a5e120f9dd551403d7824e31e2e67124fe2769c404c06913 \
    --hash=sha256:7ea6b3e2c4250ff1de21c630fe72d0f63eb95c2c32ffbf64a358cf4a8836d714 \
    --hash=sha256:86cf8755a791f72c85dc287128cc62d4f24d392e3f1e15837245623f4a33cccc \
    --hash=sha256:88023dfe18799507b73f1dbb0d14326a17465de1bc9c9c7655c22845e9ddc3a2 \
    --hash=sha256:89095c1968b4ba8285840e131bf2891b09ae137fe2146905acae0354fbce1b5e \
    --hash=sha256:8d35c139744adb3e727cd51b1a18324bbe44b8bd41bf8322bca4d41289f48eda \
    --hash=sha256:8e74a6135550c4748af665b1b1118b6aab33b1fc6a16f9aff630af107c3b4512 \
    --hash=sha256:8f9ec95b8a043d3dfbc74d9abc6f7baf524dd27a8dc160b0a32ff9cdab650c28 \
    --hash=sha256:90bec57cf82089383bd06a605b3eb8daebf7e5a668520beaf6e327a83a947699 \
    --hash=sha256:95f2954c2c9473d892eca6e0409f3568b37ab62a8eedb122461f73cc273476e3 \
    --hash=sha256:961be50688f7fba2fa65f63712d3b9b341a22311f5253460ce933f52f0de1c8c \
    --hash=sha256:98fff996e983a36d3aa2eca83af40c5821202e7e6f32d13ae94e3d2286f10cfe \
    --hash=sha256:9b8f0f26ca4e7513c534d351eca551947d053fac438f2a04ac96d882909b0d3a \
    --hash=sha256:9d72af0cf10a76a600a9690078fe31c63b9588c8e86bf9fd353f713c84b5db0f \
    --hash=sha256:9d8272c0e483b024e1b9ad029821470ed8ec65631dbd90217469da0e7cd89f1c \
    --hash=sha256:a016194dbe13d14ee9556e734b772d8d67b947092b268d757fd4290e3ba2dfc2 \
    --hash=sha256:a5781494d4d400a3f47f8f1da94b324f6e6b440a53387774002890a2a2f4b50f \
    --hash=sha256:a95b05f9baf29b91171b3a8bd2020b028835243e7b0ff6bb23e2a3c228518b1b \
    --hash=sha256:aa7a1b53a2a4452ada2d1b5dade9960b2522f1e61293a811a077439e39029565 \
    --hash=sha256:ac0f1a2d0cfa7eea3f2aaf006ab6e70e8feeb16b75d65b7e5939982ca2f11056 \
    --hash=sha256:af5e2915d41fe6c961694d7bfdc8562942638200f3ce2765dfb8b745cf997629 \
    --hash=sha256:b6422532152adf4e59b110cb2808cee7a033800952f5c036b4af047ee43199e7 \
    --hash=sha256:b65f590ef2a44640f9a05dbb548a429b4ade77913ce683ac8b1480777658a6c0 \
    --hash=sha256:ba00f661f8ba35d075c937174e27c2c421cec3942fd2e0ea3e66996757c0fdd9 \
    --hash=sha256:bccbbb5ee76a61f9d99b5bf3846a51d7fca4b6a732fe46f89295610edaf41853 \
    --hash=sha256:bf01d8c84cbea96b944c73b22182e6c7c432b3475632b8111dbfdc95ddad6e13 \
    --hash=sha256:bf5c6cf48238b0eb4c086978c492ad1cbc22373fc5b2d7353b3a598ce6db887a \
    --hash=sha256:c16914df9fb7f500e440e6875fa23ff5e0b31db01fa9c06af98d59a91f0dc2e4 \
    --hash=sha256:c351efb95e832a853a29361675f33a7ce53de1a109cd73fd47af0712213aa4ce \
    --hash=sha256:c4165821e131d6d4ca444347c2b694e2311bcfa3fe5a861cc72968f28867beac \
    --hash=sha256:c5f5df567f6eb216de69be06ce55c8b714090fae02b18a3b40da8163b8c5fa9c \
    --hash=sha256:c941bb58d5a6e1c3892d86e42927ed6c180302f07e6d395d08c416e594b98b46 \
    --hash=sha256:c97f080ea627e2863524c5af3836e2270b5f5dfff1f104392b959f8df0c5d384 \
    --hash=sha256:cb96698e3c7413d906ce83f8ffd245ec1bd94707541f299d0ce4d6b0193e982b \
    --hash=sha256:cbb7640ce37159548d2147b5b8c241f962143d4c71231431820783f4dc78f210 \
    --hash=sha256:cdf2448aab5f661c9315308ec8b93f4e8a1a67a3c733f8631067a2b67d5913dc \
    --hash=sha256:d2117334c3af3bdcb9a88522b844a2bdb5efdc4f71c6c822df55486ae1c3347a \
    --hash=sha256:d53d10f7da99ae46f7373b9150393e9c5eab9b224909982b43832668de4779f5 \
    --hash=sha256:d9fafc5aa2e2a39aaf7f8cc0c1f044a9b07fca12e558dca53a3cc5c654ad67a7 \
    --hash=sha256:db3eb7d46527159a878ec3460e9d40615bc25ba337d477db681aea6e4f05c5d2 \
    --hash=sha256:dbf7c7a88e2bac086f06d14577332760bdeecc42bdec8ac4077f6260557d9326 \
    --hash=sha256:df2b82571a1b30f58a87bf4e5a9e78d2b1eff6c6ce8fd3aa3757221f93f0863f \
    --hash=sha256:df92f2aba50eb4d96718b68ef76f2e57a57b54f2fa62333496d16c6d585a85ca \
    --hash=sha256:eb4e8997a49aa2c08a3e43c9045d224448b8941d88e7ac163c7d383e560cbf98 \
    --hash=sha256:efc1cdd798b1aaf39b4610bba7aad28c9bea9b910f25c784ccf9ec1fa719d1f9 \
    --hash=sha256:f146d154428a2523f9cc7936c02353c2459b8f6cf07d3cd1ee1c0a611109c5d5 \
    --hash=sha256:f5bce581e6b8c235e566a14768a943b172ada3ed73537bb0c0be1edee312d4e7 \
    --hash=sha256:f9912624a0c0b834b7520d7769b3644453aabc0a7e1c839da7359f050750e9bc \
    --hash=sha256:fb62edb5bb52cca65fab91a63afa7561607120d26090a7e8fda6fb9f064726da \
    --hash=sha256:ff067a8d8d880e7809e4ac88eb009bb848870115317b306666502ccad30b147f
    # via
    #   -c pipeline/requirements-validation.lock
    #   cryptography
cryptography==46.0.4 \
    --hash=sha256:01df4f50f314fbe7009f54046e908d1754f19d0c6d3070df1e6268c5a4af09fa \
    --hash=sha256:0563655cb3c6d05fb2afe693340bc050c30f9f34e15763361cf08e94749401fc \
    --hash=sha256:078e5f06bd2fa5aea5a324f2a09f914b1484f1d0c2a4d6a8a28c74e72f65f2da \
    --hash=sha256:0a9ad24359fee86f131836a9ac3bffc9329e956624a2d379b613f8f8abaf5255 \
    --hash=sha256:2067461c80271f422ee7bdbe79b9b4be54a5162e90345f86a23445a0cf3fd8a2 \
    --hash=sha256:281526e865ed4166009e235afadf3a4c4cba6056f99336a99efba65336fd5485 \
    --hash=sha256:2d08bc22efd73e8854b0b7caff402d735b354862f1145d7be3b9c0f740fef6a0 \
    --hash=sha256:3c268a3490df22270955966ba236d6bc4a8f9b6e4ffddb78aac535f1a5ea471d \
    --hash=sha256:3d425eacbc9aceafd2cb429e42f4e5d5633c6f873f5e567077043ef1b9bbf616 \
    --hash=sha256:44cc0675b27cadb71bdbb96099cca1fa051cd11d2ade09e5cd3a2edb929ed947 \
    --hash=sha256:47bcd19517e6389132f76e2d5303ded6cf3f78903da2158a671be8de024f4cd0 \
    --hash=sha256:485e2b65d25ec0d901bca7bcae0f53b00133bf3173916d8e421f6fddde103908 \
    --hash=sha256:5aa3e463596b0087b3da0dbe2b2487e9fc261d25da85754e30e3b40637d61f81 \
    --hash=sha256:5f14fba5bf6f4390d7ff8f086c566454bff0411f6d8aa7af79c88b6f9267aecc \
    --hash=sha256:62217ba44bf81b30abaeda1488686a04a702a261e26f87db51ff61d9d3510abd \
    --hash=sha256:6225d3ebe26a55dbc8ead5ad1265c0403552a63336499564675b29eb3184c09b \
    --hash=sha256:6bb5157bf6a350e5b28aee23beb2d84ae6f5be390b2f8ee7ea179cda077e1019 \
    --hash=sha256:728fedc529efc1439eb6107b677f7f7558adab4553ef8669f0d02d42d7b959a7 \
    --hash=sha256:766330cce7416c92b5e90c3bb71b1b79521760cdcfc3a6a1a182d4c9fab23d2b \
    --hash=sha256:812815182f6a0c1d49a37893a303b44eaac827d7f0d582cecfc81b6427f22973 \
    --hash=sha256:829c2b12bbc5428ab02d6b7f7e9bbfd53e33efd6672d21341f2177470171ad8b \
    --hash=sha256:82a62483daf20b8134f6e92898da70d04d0ef9a75829d732ea1018678185f4f5 \
    --hash=sha256:8a15fb869670efa8f83cbffbc8753c1abf236883225aed74cd179b720ac9ec80 \
    --hash=sha256:8bf75b0259e87fa70bddc0b8b4078b76e7fd512fd9afae6c1193bcf440a4dbef \
    --hash=sha256:91627ebf691d1ea3976a031b61fb7bac1ccd745afa03602275dda443e11c8de0 \
    --hash=sha256:93d8291da8d71024379ab2cb0b5c57915300155ad42e07f76bea6ad838d7e59b \
    --hash=sha256:9b34d8ba84454641a6bf4d6762d15847ecbd85c1316c0a7984e6e4e9f748ec2e \
    --hash=sha256:9b4d17bc7bd7cdd98e3af40b441feaea4c68225e2eb2341026c84511ad246c0c \
    --hash=sha256:9c2da296c8d3415b93e6053f5a728649a87a48ce084a9aaf51d6e46c87c7f2d2 \
    --hash=sha256:a05177ff6296644ef2876fce50518dffb5bcdf903c85250974fc8bc85d54c0af \
    --hash=sha256:a90e43e3ef65e6dcf969dfe3bb40cbf5aef0d523dff95bfa24256be172a845f4 \
    --hash=sha256:a9556ba711f7c23f77b151d5798f3ac44a13455cc68db7697a1096e6d0563cab \
    --hash=sha256:b1de0ebf7587f28f9190b9cb526e901bf448c9e6a99655d2b07fff60e8212a82 \
    --hash=sha256:be8c01a7d5a55f9a47d1888162b76c8f49d62b234d88f0ff91a9fbebe32ffbc3 \
    --hash=sha256:bfd019f60f8abc2ed1b9be4ddc21cfef059c841d86d710bb69909a688cbb8f59 \
    --hash=sha256:c236a44acfb610e70f6b3e1c3ca20ff24459659231ef2f8c48e879e2d32b73da \
    --hash=sha256:c411f16275b0dea722d76544a61d6421e2cc829ad76eec79280dbdc9ddf50061 \
    --hash=sha256:c92010b58a51196a5f41c3795190203ac52edfd5dc3ff99149b4659eba9d2085 \
    --hash=sha256:d5a45ddc256f492ce42a4e35879c5e5528c09cd9ad12420828c972951d8e016b \
    --hash=sha256:daa392191f626d50f1b136c9b4cf08af69ca8279d110ea24f5c2700054d2e263 \
    --hash=sha256:dc1272e25ef673efe72f2096e92ae39dea1a1a450dd44918b15351f72c5a168e \
    --hash=sha256:dce1e4f068f03008da7fa51cc7abc6ddc5e5de3e3d1550334eaf8393982a5829 \
    --hash=sha256:dd5aba870a2c40f87a3af043e0dee7d9eb02d4aff88a797b48f2b43eff8c3ab4 \
    --hash=sha256:de0f5f4ec8711ebc555f54735d4c673fc34b65c44283895f1a08c2b49d2fd99c \
    --hash=sha256:df4a817fa7138dd0c96c8c8c20f04b8aaa1fac3bbf610913dcad8ea82e1bfd3f \
    --hash=sha256:e07ea39c5b048e085f15923511d8121e4a9dc45cee4e3b970ca4f0d338f23095 \
    --hash=sha256:eeeb2e33d8dbcccc34d64651f00a98cb41b2dc69cef866771a5717e6734dfa32 \
    --hash=sha256:fa0900b9ef9c49728887d1576fd8d9e7e3ea872fa9b25ef9b64888adc434e976 \
    --hash=sha256:fdc3daab53b212472f1524d070735b2f0c214239df131903bae1d598016fa822
    # via
    #   -c pipeline/requirements-validation.lock
    #   -r pipeline/requirements-smoke.txt
joblib==1.5.3 \
    --hash=sha256:5fc3c5039fc5ca8c0276333a188bbd59d6b7ab37fe6632daa76bc7f9ec18e713 \
    --hash=sha256:8561a3269e6801106863fd0d6d84bb737be9e7631e33aaed3fb9ce5953688da3
    # via
    #   -c pipeline/requirements-validation.lock
    #   scikit-learn
numpy==2.0.2 \
    --hash=sha256:0123ffdaa88fa4ab64835dcbde75dcdf89c453c922f18dced6e27c90d1d0ec5a \
    --hash=sha256:11a76c372d1d37437857280aa142086476136a8c0f373b2e648ab2c8f18fb195 \
    --hash=sha256:13e689d772146140a252c3a28501da66dfecd77490b498b168b501835041f951 \
    --hash=sha256:1e795a8be3ddbac43274f18588329c72939870a16cae810c2b73461c40718ab1 \
    --hash=sha256:26df23238872200f63518dd2aa984cfca675d82469535dc7162dc2ee52d9dd5c \
    --hash=sha256:286cd40ce2b7d652a6f22efdfc6d1edf879440e53e76a75955bc0c826c7e64dc \
    --hash=sha256:2b2955fa6f11907cf7a70dab0d0755159bca87755e831e47932367fc8f2f2d0b \
    --hash=sha256:2da5960c3cf0df7eafefd806d4e612c5e19358de82cb3c343631188991566ccd \
    --hash=sha256:312950fdd060354350ed123c0e25a71327d3711584beaef30cdaa93320c392d4 \
    --hash=sha256:423e89b23490805d2a5a96fe40ec507407b8ee786d66f7328be214f9679df6dd \
    --hash=sha256:496f71341824ed9f3d2fd36cf3ac57ae2e0165c143b55c3a035ee219413f3318 \
    --hash=sha256:49ca4decb342d66018b01932139c0961a8f9ddc7589611158cb3c27cbcf76448 \
    --hash=sha256:51129a29dbe56f9ca83438b706e2e69a39892b5eda6cedcb6b0c9fdc9b0d3ece \
    --hash=sha256:5fec9451a7789926bcf7c2b8d187292c9f93ea30284802a0ab3f5be8ab36865d \
    --hash=sha256:671bec6496f83202ed2d3c8fdc486a8fc86942f2e69ff0e986140339a63bcbe5 \
    --hash=sha256:7f0a0c6f12e07fa94133c8a67404322845220c06a9e80e85999afe727f7438b8 \
    --hash=sha256:807ec44583fd708a21d4a11d94aedf2f4f3c3719035c76a2bbe1fe8e217bdc57 \
    --hash=sha256:883c987dee1880e2a864ab0dc9892292582510604156762362d9326444636e78 \
    --hash=sha256:8c5713284ce4e282544c68d1c3b2c7161d38c256d2eefc93c1d683cf47683e66 \
    --hash=sha256:8cafab480740e22f8d833acefed5cc87ce276f4ece12fdaa2e8903db2f82897a \
    --hash=sha256:8df823f570d9adf0978347d1f926b2a867d5608f434a7cff7f7908c6570dcf5e \
    --hash=sha256:9059e10581ce4093f735ed23f3b9d283b9d517ff46009ddd485f1747eb22653c \
    --hash=sha256:905d16e0c60200656500c95b6b8dca5d109e23cb24abc701d41c02d74c6b3afa \
    --hash=sha256:9189427407d88ff25ecf8f12469d4d39d35bee1db5d39fc5c168c6f088a6956d \
    --hash=sha256:96a55f64139912d61de9137f11bf39a55ec8faec288c75a54f93dfd39f7eb40c \
    --hash=sha256:97032a27bd9d8988b9a97a8c4d2c9f2c15a81f61e2f21404d7e8ef00cb5be729 \
    --hash=sha256:984d96121c9f9616cd33fbd0618b7f08e0cfc9600a7ee1d6fd9b239186d19d97 \
    --hash=sha256:9a92ae5c14811e390f3767053ff54eaee3bf84576d99a2456391401323f4ec2c \
    --hash=sha256:9ea91dfb7c3d1c56a0e55657c0afb38cf1eeae4544c208dc465c3c9f3a7c09f9 \
    --hash=sha256:a15f476a45e6e5a3a79d8a14e62161d27ad897381fecfa4a09ed5322f2085669 \
    --hash=sha256:a392a68bd329eafac5817e5aefeb39038c48b671afd242710b451e76090e81f4 \
    --hash=sha256:a3f4ab0caa7f053f6797fcd4e1e25caee367db3112ef2b6ef82d749530768c73 \
    --hash=sha256:a46288ec55ebbd58947d31d72be2c63cbf839f0a63b49cb755022310792a3385 \
    --hash=sha256:a61ec659f68ae254e4d237816e33171497e978140353c0c2038d46e63282d0c8 \
    --hash=sha256:a842d573724391493a97a62ebbb8e731f8a5dcc5d285dfc99141ca15a3302d0c \
    --hash=sha256:becfae3ddd30736fe1889a37f1f580e245ba79a5855bff5f2a29cb3ccc22dd7b \
    --hash=sha256:c05e238064fc0610c840d1cf6a13bf63d7e391717d247f1bf0318172e759e692 \
    --hash=sha256:c1c9307701fec8f3f7a1e6711f9089c06e6284b3afbbcd259f7791282d660a15 \
    --hash=sha256:c7b0be4ef08607dd04da4092faee0b86607f111d5ae68036f16cc787e250a131 \
    --hash=sha256:cfd41e13fdc257aa5778496b8caa5e856dc4896d4ccf01841daee1d96465467a \
    --hash=sha256:d731a1c6116ba289c1e9ee714b08a8ff882944d4ad631fd411106a30f083c326 \
    --hash=sha256:df55d490dea7934f330006d0f81e8551ba6010a5bf035a249ef61a94f21c500b \
    --hash=sha256:ec9852fb39354b5a45a80bdab5ac02dd02b15f44b3804e9f00c556bf24b4bded \
    --hash=sha256:f15975dfec0cf2239224d80e32c3170b1d168335eaedee69da84fbe9f1f9cd04 \
    --hash=sha256:f26b258c385842546006213344c50655ff1555a9338e2e5e02a0756dc3e803dd
    # via
    #   -c pipeline/requirements-validation.lock
    #   -r pipeline/requirements-smoke.txt
    #   pandas
    #   scikit-learn
    #   scipy
pandas==2.2.3 \
    --hash=sha256:062309c1b9ea12a50e8ce661145c6aab431b1e99530d3cd60640e255778bd43a \
    --hash=sha256:15c0e1e02e93116177d29ff83e8b1619c93ddc9c49083f237d4312337a61165d \
    --hash=sha256:1948ddde24197a0f7add2bdc4ca83bf2b1ef84a1bc8ccffd95eda17fd836ecb5 \
    --hash=sha256:1db71525a1538b30142094edb9adc10be3f3e176748cd7acc2240c2f2e5aa3a4 \
    --hash=sha256:22a9d949bfc9a502d320aa04e5d02feab689d61da4e7764b62c30b991c42c5f0 \
    --hash=sha256:29401dbfa9ad77319367d36940cd8a0b3a11aba16063e39632d98b0e931ddf32 \
    --hash=sha256:31d0ced62d4ea3e231a9f228366919a5ea0b07440d9d4dac345376fd8e1477ea \
    --hash=sha256:3508d914817e153ad359d7e069d752cdd736a247c322d932eb89e6bc84217f28 \
    --hash=sha256:37e0aced3e8f539eccf2e099f65cdb9c8aa85109b0be6e93e2baff94264bdc6f \
    --hash=sha256:381175499d3802cde0eabbaf6324cce0c4f5d52ca6f8c377c29ad442f50f6348 \
    --hash=sha256:38cf8125c40dae9d5acc10fa66af8ea6fdf760b2714ee482ca691fc66e6fcb18 \
    --hash=sha256:3b71f27954685ee685317063bf13c7709a7ba74fc996b84fc6821c59b0f06468 \
    --hash=sha256:3fc6873a41186404dad67245896a6e440baacc92f5b716ccd1bc9ed2995ab2c5 \
    --hash=sha256:4850ba03528b6dd51d6c5d273c46f183f39a9baf3f0143e566b89450965b105e \
    --hash=sha256:4f18ba62b61d7e192368b84517265a99b4d7ee8912f8708660fb4a366cc82667 \
    --hash=sha256:56534ce0746a58afaf7942ba4863e0ef81c9c50d3f0ae93e9497d6a41a057645 \
    --hash=sha256:59ef3764d0fe818125a5097d2ae867ca3fa64df032331b7e0917cf5d7bf66b13 \
    --hash=sha256:5dbca4c1acd72e8eeef4753eeca07de9b1db4f398669d5994086f788a5d7cc30 \
    --hash=sha256:5de54125a92bb4d1c051c0659e6fcb75256bf799a732a87184e5ea503965bce3 \
    --hash=sha256:61c5ad4043f791b61dd4752191d9f07f0ae412515d59ba8f005832a532f8736d \
    --hash=sha256:6374c452ff3ec675a8f46fd9ab25c4ad0ba590b71cf0656f8b6daa5202bca3fb \
    --hash=sha256:63cc132e40a2e084cf01adf0775b15ac515ba905d7dcca47e9a251819c575ef3 \
    --hash=sha256:66108071e1b935240e74525006034333f98bcdb87ea116de573a6a0dccb6c039 \
    --hash=sha256:6dfcb5ee8d4d50c06a51c2fffa6cff6272098ad6540aed1a76d15fb9318194d8 \
    --hash=sha256:7c2875855b0ff77b2a64a0365e24455d9990730d6431b9e0ee18ad8acee13dbd \
    --hash=sha256:7eee9e7cea6adf3e3d24e304ac6b8300646e2a5d1cd3a3c2abed9101b0846761 \
    --hash=sha256:800250ecdadb6d9c78eae4990da62743b857b470883fa27f652db8bdde7f6659 \
    --hash=sha256:86976a1c5b25ae3f8ccae3a5306e443569ee3c3faf444dfd0f41cda24667ad57 \
    --hash=sha256:8cd6d7cc958a3910f934ea8dbdf17b2364827bb4dafc38ce6eef6bb3d65ff09c \
    --hash=sha256:99df71520d25fade9db7c1076ac94eb994f4d2673ef2aa2e86ee039b6746d20c \
    --hash=sha256:a5a1595fe639f5988ba6a8e5bc9649af3baf26df3998a0abe56c02609392e0a4 \
    --hash=sha256:ad5b65698ab28ed8d7f18790a0dc58005c7629f227be9ecc1072aa74c0c1d43a \
    --hash=sha256:b1d432e8d08679a40e2a6d8b2f9770a5c21793a6f9f47fdd52c5ce1948a5a8a9 \
    --hash=sha256:b8661b0238a69d7aafe156b7fa86c44b881387509653fdf857bebc5e4008ad42 \
    --hash=sha256:ba96630bc17c875161df3818780af30e43be9b166ce51c9a18c1feae342906c2 \
    --hash=sha256:bc6b93f9b966093cb0fd62ff1a7e4c09e6d546ad7c1de191767baffc57628f39 \
    --hash=sha256:c124333816c3a9b03fbeef3a9f230ba9a737e9e5bb4060aa2107a86cc0a497fc \
    --hash=sha256:cd8d0c3be0515c12fed0bdbae072551c8b54b7192c7b1fda0ba56059a0179698 \
    --hash=sha256:d9c45366def9a3dd85a6454c0e7908f2b3b8e9c138f5dc38fed7ce720d8453ed \
    --hash=sha256:f00d1345d84d8c86a63e476bb4955e46458b304b9575dcf71102b5c705320015 \
    --hash=sha256:f3a255b2c19987fbbe62a9dfd6cff7ff2aa9ccab3fc75218fd4b7530f01efa24 \
    --hash=sha256:fffb8ae78d8af97f849404f21411c95062db1496aeb3e56f146f0355c9989319
    # via
    #   -r pipeline/requirements-ci.in
    #   -r pipeline/requirements-smoke.txt
pycparser==3.0 ; implementation_name != 'PyPy' and platform_python_implementation != 'PyPy' \
    --hash=sha256:600f49d217304a5902ac3c37e1281c9fe94e4d0489de643a9504c5cdfdfc6b29 \
    --hash=sha256:b727414169a36b7d524c1c3e31839a521725078d7b2ff038656844266160a992
    # via
    #   -c pipeline/requirements-validation.lock
    #   cffi
python-dateutil==2.9.0.post0 \
    --hash=sha256:37dd54208da7e1cd875388217d5e00ebd4179249f90fb72437e91a35459a0ad3 \
    --hash=sha256:a8b2bc7bffae282281c8140a97d3aa9c14da0b136dfe83f850eea9a5f7470427
    # via pandas
pytz==2026.2 \
    --hash=sha256:04156e608bee23d3792fd45c94ae47fae1036688e75032eea2e3bf0323d1f126 \
    --hash=sha256:0e60b47b29f21574376f218fe21abc009894a2321ea16c6754f3cad6eb7cdd6a
    # via pandas
ruff==0.15.22 \
    --hash=sha256:11c1c715af53a09f714e011106bffc419751ec8232fcb5da42173284ea3fec6f \
    --hash=sha256:1877d63b9d24ed278744f1523fd11b85540566d54641f97c566d7d9dc5ca5296 \
    --hash=sha256:1e0dd1b2e4d3d585f897a0d137cbf4eaf6223bef4e8ce34d6bb12556c5f9249e \
    --hash=sha256:225dbf095a87f1d9f90f5fd7924d2613ee452a75a4308c63a8f50f761787aa7c \
    --hash=sha256:365523eb91d9224e1bcb03b022fbf0facb8f9e23792a2c53d9d4b3924bdbdebb \
    --hash=sha256:3f15175b1fb580126f58285a5dae6b2ea89000136d980c64499211f116b54809 \
    --hash=sha256:44423e73493737f5e7c5b41d475483898ff37afcdae38bc3da5085e29af1c2d8 \
    --hash=sha256:62d425005c1835eb24e2ee4161cb90e8db263415f4a71c8c72c33abaa6c0c224 \
    --hash=sha256:630479b18625f5ffc373f77603a22a9f8ac0acd7ff0501178b5db28ec71e9c64 \
    --hash=sha256:72af58b951b0ae395935ae79763dc349bc0eb706319d28f7a33ad2cfb3cfc178 \
    --hash=sha256:742a29cf29bddb7c8327895d6a10e0e6c5b38a96dd407af9b5d0857f809c0576 \
    --hash=sha256:9be63ba1eb936acd2d1342fb8337c356353706fce233b2a15a09a97037e6acde \
    --hash=sha256:a1606c510bd7215680d32efab38965f7cdec3ef69f5170a3f4791404ffdd5262 \
    --hash=sha256:b82c6482946e9eda7ff2e091d25b8bad3f718684e1916d41bd56873cee05b697 \
    --hash=sha256:e1168075b72158510839f250027659cdd78476f40507dd517892304c41318661 \
    --hash=sha256:e5ba0e4a13fd14abbed2a77b517a3911290c6c6c59ef67784328d1668fab76cf \
    --hash=sha256:e8b9b3f8779a4f08c969defc3c8c35abffaa757e601ed5ae66d6d1db6519969a \
    --hash=sha256:fabfd168afdf29fee5be98b831efa9683c94d7c5a3b58b9ce5a2e38444589a74
    # via -r pipeline/requirements-ci.in
scikit-learn==1.6.1 \
    --hash=sha256:0650e730afb87402baa88afbf31c07b84c98272622aaba002559b614600ca691 \
    --hash=sha256:0c8d036eb937dbb568c6242fa598d551d88fb4399c0344d95c001980ec1c7d36 \
    --hash=sha256:1061b7c028a8663fb9a1a1baf9317b64a257fcb036dae5c8752b2abef31d136f \
    --hash=sha256:25fc636bdaf1cc2f4a124a116312d837148b5e10872147bdaf4887926b8c03d8 \
    --hash=sha256:2c2cae262064e6a9b77eee1c8e768fc46aa0b8338c6a8297b9b6759720ec0ff2 \
    --hash=sha256:2e69fab4ebfc9c9b580a7a80111b43d214ab06250f8a7ef590a4edf72464dd86 \
    --hash=sha256:2ffa1e9e25b3d93990e74a4be2c2fc61ee5af85811562f1288d5d055880c4322 \
    --hash=sha256:3f59fe08dc03ea158605170eb52b22a105f238a5d512c4470ddeca71feae8e5f \
    --hash=sha256:44a17798172df1d3c1065e8fcf9019183f06c87609b49a124ebdf57ae6cb0107 \
    --hash=sha256:6849dd3234e87f55dce1db34c89a810b489ead832aaf4d4550b7ea85628be6c1 \
    --hash=sha256:6a7aa5f9908f0f28f4edaa6963c0a6183f1911e63a69aa03782f0d924c830a35 \
    --hash=sha256:70b1d7e85b1c96383f872a519b3375f92f14731e279a7b4c6cfd650cf5dffc52 \
    --hash=sha256:72abc587c75234935e97d09aa4913a82f7b03ee0b74111dcc2881cba3c5a7b33 \
    --hash=sha256:775da975a471c4f6f467725dff0ced5c7ac7bda5e9316b260225b48475279a1b \
    --hash=sha256:7a1c43c8ec9fde528d664d947dc4c0789be4077a3647f232869f41d9bf50e0fb \
    --hash=sha256:7a73d457070e3318e32bdb3aa79a8d990474f19035464dfd8bede2883ab5dc3b \
    --hash=sha256:8634c4bd21a2a813e0a7e3900464e6d593162a29dd35d25bdf0103b3fce60ed5 \
    --hash=sha256:8a600c31592bd7dab31e1c61b9bbd6dea1b3433e67d264d17ce1017dbdce8002 \
    --hash=sha256:926f207c804104677af4857b2c609940b743d04c4c35ce0ddc8ff4f053cddc1b \
    --hash=sha256:a17c1dea1d56dcda2fac315712f3651a1fea86565b64b48fa1bc090249cbf236 \
    --hash=sha256:b3b00cdc8f1317b5f33191df1386c0befd16625f49d979fe77a8d44cae82410d \
    --hash=sha256:b4fc2525eca2c69a59260f583c56a7557c6ccdf8deafdba6e060f94c1c59738e \
    --hash=sha256:b8b7a3b86e411e4bce21186e1c180d792f3d99223dcfa3b4f597ecc92fa1a422 \
    --hash=sha256:c06beb2e839ecc641366000ca84f3cf6fa9faa1777e29cf0c04be6e4d096a348 \
    --hash=sha256:d056391530ccd1e501056160e3c9673b4da4805eb67eb2bdf4e983e1f9c9204e \
    --hash=sha256:dc4765af3386811c3ca21638f63b9cf5ecf66261cc4815c1db3f1e7dc7b79db2 \
    --hash=sha256:dc5cf3d68c5a20ad6d571584c0750ec641cc46aeef1c1507be51300e6003a7e1 \
    --hash=sha256:e7be3fa5d2eb9be7d77c3734ff1d599151bb523674be9b834e8da6abe132f44e \
    --hash=sha256:e8ca8cb270fee8f1f76fa9bfd5c3507d60c6438bbee5687f81042e2bb98e5a97 \
    --hash=sha256:fa909b1a36e000a03c382aade0bd2063fd5680ff8b8e501660c0f59f021a6415
    # via
    #   -c pipeline/requirements-validation.lock
    #   -r pipeline/requirements-smoke.txt
scipy==1.13.1 \
    --hash=sha256:017367484ce5498445aade74b1d5ab377acdc65e27095155e448c88497755a5d \
    --hash=sha256:095a87a0312b08dfd6a6155cbbd310a8c51800fc931b8c0b84003014b874ed3c \
    --hash=sha256:20335853b85e9a49ff7572ab453794298bcf0354d8068c5f6775a0eabf350aca \
    --hash=sha256:27e52b09c0d3a1d5b63e1105f24177e544a222b43611aaf5bc44d4a0979e32f9 \
    --hash=sha256:2831f0dc9c5ea9edd6e51e6e769b655f08ec6db6e2e10f86ef39bd32eb11da54 \
    --hash=sha256:2ac65fb503dad64218c228e2dc2d0a0193f7904747db43014645ae139c8fad16 \
    --hash=sha256:392e4ec766654852c25ebad4f64e4e584cf19820b980bc04960bca0b0cd6eaa2 \
    --hash=sha256:436bbb42a94a8aeef855d755ce5a465479c721e9d684de76bf61a62e7c2b81d5 \
    --hash=sha256:45484bee6d65633752c490404513b9ef02475b4284c4cfab0ef946def50b3f59 \
    --hash=sha256:54f430b00f0133e2224c3ba42b805bfd0086fe488835effa33fa291561932326 \
    --hash=sha256:5713f62f781eebd8d597eb3f88b8bf9274e79eeabf63afb4a737abc6c84ad37b \
    --hash=sha256:5d72782f39716b2b3509cd7c33cdc08c96f2f4d2b06d51e52fb45a19ca0c86a1 \
    --hash=sha256:637e98dcf185ba7f8e663e122ebf908c4702420477ae52a04f9908707456ba4d \
    --hash=sha256:8335549ebbca860c52bf3d02f80784e91a004b71b059e3eea9678ba994796a24 \
    --hash=sha256:949ae67db5fa78a86e8fa644b9a6b07252f449dcf74247108c50e1d20d2b4627 \
    --hash=sha256:a014c2b3697bde71724244f63de2476925596c24285c7a637364761f8710891c \
    --hash=sha256:a78b4b3345f1b6f68a763c6e25c0c9a23a9fd0f39f5f3d200efe8feda560a5fa \
    --hash=sha256:cdd7dacfb95fea358916410ec61bbc20440f7860333aee6d882bb8046264e949 \
    --hash=sha256:cfa31f1def5c819b19ecc3a8b52d28ffdcc7ed52bb20c9a7589669dd3c250989 \
    --hash=sha256:d533654b7d221a6a97304ab63c41c96473ff04459e404b83275b60aa8f4b7004 \
    --hash=sha256:d605e9c23906d1994f55ace80e0125c587f96c020037ea6aa98d01b4bd2e222f \
    --hash=sha256:de3ade0e53bc1f21358aa74ff4830235d716211d7d077e340c7349bc3542e884 \
    --hash=sha256:e89369d27f9e7b0884ae559a3a956e77c02114cc60a6058b4e5011572eea9299 \
    --hash=sha256:eccfa1906eacc02de42d70ef4aecea45415f5be17e72b61bafcfd329bdc52e94 \
    --hash=sha256:f26264b282b9da0952a024ae34710c2aff7d27480ee91a2e82b7b7073c24722f
    # via
    #   -c pipeline/requirements-validation.lock
    #   scikit-learn
six==1.17.0 \
    --hash=sha256:4721f391ed90541fddacab5acf947aa0d3dc7d27b2e1e8eda2be8970586c3274 \
    --hash=sha256:ff70335d468e7eb6ec65b95b99d3a2836546063f63acc5171de367e834932a81
    # via python-dateutil
threadpoolctl==3.6.0 \
    --hash=sha256:43a0b8fd5a2928500110039e43a5eed8480b918967083ea48dc3ab9f13c4a7fb \
    --hash=sha256:8ab8b4aa3491d812b623328249fab5302a68d2d71745c8a4c719a2fcaba9f44e
    # via
    #   -c pipeline/requirements-validation.lock
    #   scikit-learn
tzdata==2026.3 \
    --hash=sha256:4a1518b8993086a7982523e071643f3c0e5f213e75b21318e78bcabfff9d1415 \
    --hash=sha256:dc096730c87af6cab1b171c9d532be840741ff5d459015e7f6947bd7d7e54931
    # via pandas
